
Microsoft Visual Studio Solution File, Format Version 12.00
Project("{FAE04EC0-301F-11D3-BF4B-00C04F79EFBC}") = "EntityFramework.ValueConverter.Query", "EntityFramework.ValueConverter.Query\EntityFramework.ValueConverter.Query.csproj", "{C44FF291-796B-4AB5-8635-3340B1EE67E9}"
EndProject
Project("{FAE04EC0-301F-11D3-BF4B-00C04F79EFBC}") = "EntityFramework.ValueConverter.Query.Tests", "EntityFramework.ValueConverter.Query.Tests\EntityFramework.ValueConverter.Query.Tests.csproj", "{F585B9D7-CF7A-4108-9620-DF29BC67F7F9}"
EndProject
Global
	GlobalSection(SolutionConfigurationPlatforms) = preSolution
		Debug|Any CPU = Debug|Any CPU
		Release|Any CPU = Release|Any CPU
	EndGlobalSection
	GlobalSection(ProjectConfigurationPlatforms) = postSolution
		{C44FF291-796B-4AB5-8635-3340B1EE67E9}.Debug|Any CPU.ActiveCfg = Debug|Any CPU
		{C44FF291-796B-4AB5-8635-3340B1EE67E9}.Debug|Any CPU.Build.0 = Debug|Any CPU
		{C44FF291-796B-4AB5-8635-3340B1EE67E9}.Release|Any CPU.ActiveCfg = Release|Any CPU
		{C44FF291-796B-4AB5-8635-3340B1EE67E9}.Release|Any CPU.Build.0 = Release|Any CPU
		{F585B9D7-CF7A-4108-9620-DF29BC67F7F9}.Debug|Any CPU.ActiveCfg = Debug|Any CPU
		{F585B9D7-CF7A-4108-9620-DF29BC67F7F9}.Debug|Any CPU.Build.0 = Debug|Any CPU
		{F585B9D7-CF7A-4108-9620-DF29BC67F7F9}.Release|Any CPU.ActiveCfg = Release|Any CPU
		{F585B9D7-CF7A-4108-9620-DF29BC67F7F9}.Release|Any CPU.Build.0 = Release|Any CPU
	EndGlobalSection
EndGlobal
